PODS:
  - OCPodTwo (0.3.0)
  - SwiftPodTwo (0.0.2):
    - OCPodTwo

DEPENDENCIES:
  - SwiftPodTwo (from `../`)

SPEC REPOS:
  "git@github.com:yangyangDeveloper/ZYYSpecs.git":
    - OCPodTwo

EXTERNAL SOURCES:
  SwiftPodTwo:
    :path: "../"

SPEC CHECKSUMS:
  OCPodTwo: 2d8a5fdf3b53834d2de366787dc0eb758597e2eb
  SwiftPodTwo: 18135a13b72b4539071cfac284012adfd9af7278

PODFILE CHECKSUM: de4f531bf46dc457ec8fc1889a948b93693eefb7

COCOAPODS: 1.11.3
