PODS:
  - OCPodTwo (0.3.0)
  - SwiftPodTwo (0.0.3):
    - OCPodTwo

DEPENDENCIES:
  - SwiftPodTwo (from `../`)

SPEC REPOS:
  "git@github.com:yangyangDeveloper/ZYYSpecs.git":
    - OCPodTwo

EXTERNAL SOURCES:
  SwiftPodTwo:
    :path: "../"

SPEC CHECKSUMS:
  OCPodTwo: 2d8a5fdf3b53834d2de366787dc0eb758597e2eb
  SwiftPodTwo: 1256569fbd2de3a3fcf5ad8e1bc1e85325ec3089

PODFILE CHECKSUM: 333d0d33eacbbb9b66a92b5b428bbdd481abe258

COCOAPODS: 1.11.3
